// !$*UTF8*$!
{
	archiveVersion = 1;
	classes = {
	};
	objectVersion = 56;
	objects = {

/* Begin PBXBuildFile section */
		6E8035052BA0DE2D00449875 /* AppDelegate.swift in Sources */ = {isa = PBXBuildFile; fileRef = 6E8035042BA0DE2D00449875 /* AppDelegate.swift */; };
		6E8035072BA0DE2D00449875 /* SceneDelegate.swift in Sources */ = {isa = PBXBuildFile; fileRef = 6E8035062BA0DE2D00449875 /* SceneDelegate.swift */; };
		6E80350E2BA0DE2E00449875 /* Assets.xcassets in Resources */ = {isa = PBXBuildFile; fileRef = 6E80350D2BA0DE2E00449875 /* Assets.xcassets */; };
		6E8035112BA0DE2E00449875 /* LaunchScreen.storyboard in Resources */ = {isa = PBXBuildFile; fileRef = 6E80350F2BA0DE2E00449875 /* LaunchScreen.storyboard */; };
		6E80351C2BA0DE2E00449875 /* Practica_AsyncProg_AGGATests.swift in Sources */ = {isa = PBXBuildFile; fileRef = 6E80351B2BA0DE2E00449875 /* Practica_AsyncProg_AGGATests.swift */; };
		6E8035262BA0DE2E00449875 /* Practica_AsyncProg_AGGAUITests.swift in Sources */ = {isa = PBXBuildFile; fileRef = 6E8035252BA0DE2E00449875 /* Practica_AsyncProg_AGGAUITests.swift */; };
		6E8035282BA0DE2E00449875 /* Practica_AsyncProg_AGGAUITestsLaunchTests.swift in Sources */ = {isa = PBXBuildFile; fileRef = 6E8035272BA0DE2E00449875 /* Practica_AsyncProg_AGGAUITestsLaunchTests.swift */; };
		6E8035442BA0E3A100449875 /* LocalDataKC.swift in Sources */ = {isa = PBXBuildFile; fileRef = 6E8035432BA0E3A100449875 /* LocalDataKC.swift */; };
		6E80354B2BA0E78000449875 /* LoginView.swift in Sources */ = {isa = PBXBuildFile; fileRef = 6E80354A2BA0E78000449875 /* LoginView.swift */; };
		6E80354D2BA0F66E00449875 /* AppState.swift in Sources */ = {isa = PBXBuildFile; fileRef = 6E80354C2BA0F66E00449875 /* AppState.swift */; };
		6E80354F2BA0F71900449875 /* LoginUseCase.swift in Sources */ = {isa = PBXBuildFile; fileRef = 6E80354E2BA0F71900449875 /* LoginUseCase.swift */; };
		6E8035512BA0F80200449875 /* LoginRepositoryProtocol.swift in Sources */ = {isa = PBXBuildFile; fileRef = 6E8035502BA0F80200449875 /* LoginRepositoryProtocol.swift */; };
		6E8035532BA0F8FE00449875 /* Endpoints.swift in Sources */ = {isa = PBXBuildFile; fileRef = 6E8035522BA0F8FE00449875 /* Endpoints.swift */; };
		6E8035562BA0F92D00449875 /* HTTPResponse.swift in Sources */ = {isa = PBXBuildFile; fileRef = 6E8035552BA0F92D00449875 /* HTTPResponse.swift */; };
		6E8035582BA0F97F00449875 /* HTTPMethods.swift in Sources */ = {isa = PBXBuildFile; fileRef = 6E8035572BA0F97F00449875 /* HTTPMethods.swift */; };
		6E80355A2BA0F9DB00449875 /* ConstantApp.swift in Sources */ = {isa = PBXBuildFile; fileRef = 6E8035592BA0F9DB00449875 /* ConstantApp.swift */; };
		6E80355C2BA0FA9800449875 /* NetworkLogin.swift in Sources */ = {isa = PBXBuildFile; fileRef = 6E80355B2BA0FA9800449875 /* NetworkLogin.swift */; };
		6E80355E2BA0FCD100449875 /* LoginRepository.swift in Sources */ = {isa = PBXBuildFile; fileRef = 6E80355D2BA0FCD100449875 /* LoginRepository.swift */; };
		6E8035612BA0FE6600449875 /* KeychainSwift in Frameworks */ = {isa = PBXBuildFile; productRef = 6E8035602BA0FE6600449875 /* KeychainSwift */; };
		6EEBD3372BA8469D0047D79A /* NetworkHeroes.swift in Sources */ = {isa = PBXBuildFile; fileRef = 6EEBD3362BA8469D0047D79A /* NetworkHeroes.swift */; };
		6EEBD3392BA8472C0047D79A /* Models.swift in Sources */ = {isa = PBXBuildFile; fileRef = 6EEBD3382BA8472C0047D79A /* Models.swift */; };
		6EEBD33C2BA851520047D79A /* LoginViewController.swift in Sources */ = {isa = PBXBuildFile; fileRef = 6EEBD33A2BA851520047D79A /* LoginViewController.swift */; };
		6EEBD33D2BA851520047D79A /* LoginViewController.xib in Resources */ = {isa = PBXBuildFile; fileRef = 6EEBD33B2BA851520047D79A /* LoginViewController.xib */; };
/* End PBXBuildFile section */

/* Begin PBXContainerItemProxy section */
		6E8035182BA0DE2E00449875 /* PBXContainerItemProxy */ = {
			isa = PBXContainerItemProxy;
			containerPortal = 6E8034F92BA0DE2D00449875 /* Project object */;
			proxyType = 1;
			remoteGlobalIDString = 6E8035002BA0DE2D00449875;
			remoteInfo = Practica_AsyncProg_AGGA;
		};
		6E8035222BA0DE2E00449875 /* PBXContainerItemProxy */ = {
			isa = PBXContainerItemProxy;
			containerPortal = 6E8034F92BA0DE2D00449875 /* Project object */;
			proxyType = 1;
			remoteGlobalIDString = 6E8035002BA0DE2D00449875;
			remoteInfo = Practica_AsyncProg_AGGA;
		};
/* End PBXContainerItemProxy section */

/* Begin PBXFileReference section */
		6E8035012BA0DE2D00449875 /* Practica_AsyncProg_AGGA.app */ = {isa = PBXFileReference; explicitFileType = wrapper.application; includeInIndex = 0; path = Practica_AsyncProg_AGGA.app; sourceTree = BUILT_PRODUCTS_DIR; };
		6E8035042BA0DE2D00449875 /* AppDelegate.swift */ = {isa = PBXFileReference; lastKnownFileType = sourcecode.swift; path = AppDelegate.swift; sourceTree = "<group>"; };
		6E8035062BA0DE2D00449875 /* SceneDelegate.swift */ = {isa = PBXFileReference; lastKnownFileType = sourcecode.swift; path = SceneDelegate.swift; sourceTree = "<group>"; };
		6E80350D2BA0DE2E00449875 /* Assets.xcassets */ = {isa = PBXFileReference; lastKnownFileType = folder.assetcatalog; path = Assets.xcassets; sourceTree = "<group>"; };
		6E8035102BA0DE2E00449875 /* Base */ = {isa = PBXFileReference; lastKnownFileType = file.storyboard; name = Base; path = Base.lproj/LaunchScreen.storyboard; sourceTree = "<group>"; };
		6E8035122BA0DE2E00449875 /* Info.plist */ = {isa = PBXFileReference; lastKnownFileType = text.plist.xml; path = Info.plist; sourceTree = "<group>"; };
		6E8035172BA0DE2E00449875 /* Practica_AsyncProg_AGGATests.xctest */ = {isa = PBXFileReference; explicitFileType = wrapper.cfbundle; includeInIndex = 0; path = Practica_AsyncProg_AGGATests.xctest; sourceTree = BUILT_PRODUCTS_DIR; };
		6E80351B2BA0DE2E00449875 /* Practica_AsyncProg_AGGATests.swift */ = {isa = PBXFileReference; lastKnownFileType = sourcecode.swift; path = Practica_AsyncProg_AGGATests.swift; sourceTree = "<group>"; };
		6E8035212BA0DE2E00449875 /* Practica_AsyncProg_AGGAUITests.xctest */ = {isa = PBXFileReference; explicitFileType = wrapper.cfbundle; includeInIndex = 0; path = Practica_AsyncProg_AGGAUITests.xctest; sourceTree = BUILT_PRODUCTS_DIR; };
		6E8035252BA0DE2E00449875 /* Practica_AsyncProg_AGGAUITests.swift */ = {isa = PBXFileReference; lastKnownFileType = sourcecode.swift; path = Practica_AsyncProg_AGGAUITests.swift; sourceTree = "<group>"; };
		6E8035272BA0DE2E00449875 /* Practica_AsyncProg_AGGAUITestsLaunchTests.swift */ = {isa = PBXFileReference; lastKnownFileType = sourcecode.swift; path = Practica_AsyncProg_AGGAUITestsLaunchTests.swift; sourceTree = "<group>"; };
		6E8035432BA0E3A100449875 /* LocalDataKC.swift */ = {isa = PBXFileReference; lastKnownFileType = sourcecode.swift; path = LocalDataKC.swift; sourceTree = "<group>"; };
		6E80354A2BA0E78000449875 /* LoginView.swift */ = {isa = PBXFileReference; lastKnownFileType = sourcecode.swift; path = LoginView.swift; sourceTree = "<group>"; };
		6E80354C2BA0F66E00449875 /* AppState.swift */ = {isa = PBXFileReference; lastKnownFileType = sourcecode.swift; path = AppState.swift; sourceTree = "<group>"; };
		6E80354E2BA0F71900449875 /* LoginUseCase.swift */ = {isa = PBXFileReference; lastKnownFileType = sourcecode.swift; path = LoginUseCase.swift; sourceTree = "<group>"; };
		6E8035502BA0F80200449875 /* LoginRepositoryProtocol.swift */ = {isa = PBXFileReference; lastKnownFileType = sourcecode.swift; path = LoginRepositoryProtocol.swift; sourceTree = "<group>"; };
		6E8035522BA0F8FE00449875 /* Endpoints.swift */ = {isa = PBXFileReference; lastKnownFileType = sourcecode.swift; path = Endpoints.swift; sourceTree = "<group>"; };
		6E8035552BA0F92D00449875 /* HTTPResponse.swift */ = {isa = PBXFileReference; lastKnownFileType = sourcecode.swift; path = HTTPResponse.swift; sourceTree = "<group>"; };
		6E8035572BA0F97F00449875 /* HTTPMethods.swift */ = {isa = PBXFileReference; lastKnownFileType = sourcecode.swift; path = HTTPMethods.swift; sourceTree = "<group>"; };
		6E8035592BA0F9DB00449875 /* ConstantApp.swift */ = {isa = PBXFileReference; lastKnownFileType = sourcecode.swift; path = ConstantApp.swift; sourceTree = "<group>"; };
		6E80355B2BA0FA9800449875 /* NetworkLogin.swift */ = {isa = PBXFileReference; lastKnownFileType = sourcecode.swift; path = NetworkLogin.swift; sourceTree = "<group>"; };
		6E80355D2BA0FCD100449875 /* LoginRepository.swift */ = {isa = PBXFileReference; lastKnownFileType = sourcecode.swift; path = LoginRepository.swift; sourceTree = "<group>"; };
		6EEBD3362BA8469D0047D79A /* NetworkHeroes.swift */ = {isa = PBXFileReference; lastKnownFileType = sourcecode.swift; path = NetworkHeroes.swift; sourceTree = "<group>"; };
		6EEBD3382BA8472C0047D79A /* Models.swift */ = {isa = PBXFileReference; lastKnownFileType = sourcecode.swift; path = Models.swift; sourceTree = "<group>"; };
		6EEBD33A2BA851520047D79A /* LoginViewController.swift */ = {isa = PBXFileReference; lastKnownFileType = sourcecode.swift; path = LoginViewController.swift; sourceTree = "<group>"; };
		6EEBD33B2BA851520047D79A /* LoginViewController.xib */ = {isa = PBXFileReference; lastKnownFileType = file.xib; path = LoginViewController.xib; sourceTree = "<group>"; };
/* End PBXFileReference section */

/* Begin PBXFrameworksBuildPhase section */
		6E8034FE2BA0DE2D00449875 /* Frameworks */ = {
			isa = PBXFrameworksBuildPhase;
			buildActionMask = 2147483647;
			files = (
				6E8035612BA0FE6600449875 /* KeychainSwift in Frameworks */,
			);
			runOnlyForDeploymentPostprocessing = 0;
		};
		6E8035142BA0DE2E00449875 /* Frameworks */ = {
			isa = PBXFrameworksBuildPhase;
			buildActionMask = 2147483647;
			files = (
			);
			runOnlyForDeploymentPostprocessing = 0;
		};
		6E80351E2BA0DE2E00449875 /* Frameworks */ = {
			isa = PBXFrameworksBuildPhase;
			buildActionMask = 2147483647;
			files = (
			);
			runOnlyForDeploymentPostprocessing = 0;
		};
/* End PBXFrameworksBuildPhase section */

/* Begin PBXGroup section */
		6E8034F82BA0DE2D00449875 = {
			isa = PBXGroup;
			children = (
				6E8035032BA0DE2D00449875 /* Practica_AsyncProg_AGGA */,
				6E80351A2BA0DE2E00449875 /* Practica_AsyncProg_AGGATests */,
				6E8035242BA0DE2E00449875 /* Practica_AsyncProg_AGGAUITests */,
				6E8035022BA0DE2D00449875 /* Products */,
			);
			sourceTree = "<group>";
		};
		6E8035022BA0DE2D00449875 /* Products */ = {
			isa = PBXGroup;
			children = (
				6E8035012BA0DE2D00449875 /* Practica_AsyncProg_AGGA.app */,
				6E8035172BA0DE2E00449875 /* Practica_AsyncProg_AGGATests.xctest */,
				6E8035212BA0DE2E00449875 /* Practica_AsyncProg_AGGAUITests.xctest */,
			);
			name = Products;
			sourceTree = "<group>";
		};
		6E8035032BA0DE2D00449875 /* Practica_AsyncProg_AGGA */ = {
			isa = PBXGroup;
			children = (
				6E8035042BA0DE2D00449875 /* AppDelegate.swift */,
				6E8035062BA0DE2D00449875 /* SceneDelegate.swift */,
				6E80350F2BA0DE2E00449875 /* LaunchScreen.storyboard */,
				6E80350D2BA0DE2E00449875 /* Assets.xcassets */,
				6E8035122BA0DE2E00449875 /* Info.plist */,
				6E8035342BA0E2BE00449875 /* Presentation */,
				6E80353A2BA0E33000449875 /* Domain */,
				6E8035402BA0E37E00449875 /* Data */,
			);
			path = Practica_AsyncProg_AGGA;
			sourceTree = "<group>";
		};
		6E80351A2BA0DE2E00449875 /* Practica_AsyncProg_AGGATests */ = {
			isa = PBXGroup;
			children = (
				6E80351B2BA0DE2E00449875 /* Practica_AsyncProg_AGGATests.swift */,
			);
			path = Practica_AsyncProg_AGGATests;
			sourceTree = "<group>";
		};
		6E8035242BA0DE2E00449875 /* Practica_AsyncProg_AGGAUITests */ = {
			isa = PBXGroup;
			children = (
				6E8035252BA0DE2E00449875 /* Practica_AsyncProg_AGGAUITests.swift */,
				6E8035272BA0DE2E00449875 /* Practica_AsyncProg_AGGAUITestsLaunchTests.swift */,
			);
			path = Practica_AsyncProg_AGGAUITests;
			sourceTree = "<group>";
		};
		6E8035342BA0E2BE00449875 /* Presentation */ = {
			isa = PBXGroup;
			children = (
				6E8035352BA0E2C900449875 /* Views */,
				6E8035362BA0E2D500449875 /* ViewModels */,
			);
			path = Presentation;
			sourceTree = "<group>";
		};
		6E8035352BA0E2C900449875 /* Views */ = {
			isa = PBXGroup;
			children = (
				6E8035392BA0E32300449875 /* Error */,
				6E8035382BA0E31D00449875 /* Home */,
				6E8035372BA0E31500449875 /* Login */,
			);
			path = Views;
			sourceTree = "<group>";
		};
		6E8035362BA0E2D500449875 /* ViewModels */ = {
			isa = PBXGroup;
			children = (
				6E80354C2BA0F66E00449875 /* AppState.swift */,
			);
			path = ViewModels;
			sourceTree = "<group>";
		};
		6E8035372BA0E31500449875 /* Login */ = {
			isa = PBXGroup;
			children = (
				6E80354A2BA0E78000449875 /* LoginView.swift */,
				6EEBD33A2BA851520047D79A /* LoginViewController.swift */,
				6EEBD33B2BA851520047D79A /* LoginViewController.xib */,
			);
			path = Login;
			sourceTree = "<group>";
		};
		6E8035382BA0E31D00449875 /* Home */ = {
			isa = PBXGroup;
			children = (
			);
			path = Home;
			sourceTree = "<group>";
		};
		6E8035392BA0E32300449875 /* Error */ = {
			isa = PBXGroup;
			children = (
			);
			path = Error;
			sourceTree = "<group>";
		};
		6E80353A2BA0E33000449875 /* Domain */ = {
			isa = PBXGroup;
			children = (
				6E80353C2BA0E35A00449875 /* UseCase */,
				6E80353B2BA0E35300449875 /* Protocols */,
				6E80353F2BA0E37700449875 /* Tools */,
				6E80353D2BA0E36200449875 /* Entities */,
				6E80353E2BA0E36800449875 /* Extensions */,
			);
			path = Domain;
			sourceTree = "<group>";
		};
		6E80353B2BA0E35300449875 /* Protocols */ = {
			isa = PBXGroup;
			children = (
				6E8035502BA0F80200449875 /* LoginRepositoryProtocol.swift */,
			);
			path = Protocols;
			sourceTree = "<group>";
		};
		6E80353C2BA0E35A00449875 /* UseCase */ = {
			isa = PBXGroup;
			children = (
				6E80354E2BA0F71900449875 /* LoginUseCase.swift */,
			);
			path = UseCase;
			sourceTree = "<group>";
		};
		6E80353D2BA0E36200449875 /* Entities */ = {
			isa = PBXGroup;
			children = (
				6EEBD3382BA8472C0047D79A /* Models.swift */,
			);
			path = Entities;
			sourceTree = "<group>";
		};
		6E80353E2BA0E36800449875 /* Extensions */ = {
			isa = PBXGroup;
			children = (
			);
			path = Extensions;
			sourceTree = "<group>";
		};
		6E80353F2BA0E37700449875 /* Tools */ = {
			isa = PBXGroup;
			children = (
				6E8035592BA0F9DB00449875 /* ConstantApp.swift */,
			);
			path = Tools;
			sourceTree = "<group>";
		};
		6E8035402BA0E37E00449875 /* Data */ = {
			isa = PBXGroup;
			children = (
				6E8035452BA0E3A600449875 /* Repositories */,
				6E8035422BA0E38B00449875 /* Network */,
				6E8035412BA0E38400449875 /* Local */,
			);
			path = Data;
			sourceTree = "<group>";
		};
		6E8035412BA0E38400449875 /* Local */ = {
			isa = PBXGroup;
			children = (
				6E8035432BA0E3A100449875 /* LocalDataKC.swift */,
			);
			path = Local;
			sourceTree = "<group>";
		};
		6E8035422BA0E38B00449875 /* Network */ = {
			isa = PBXGroup;
			children = (
				6E8035542BA0F90100449875 /* Endpoints */,
				6E80355B2BA0FA9800449875 /* NetworkLogin.swift */,
				6EEBD3362BA8469D0047D79A /* NetworkHeroes.swift */,
			);
			path = Network;
			sourceTree = "<group>";
		};
		6E8035452BA0E3A600449875 /* Repositories */ = {
			isa = PBXGroup;
			children = (
				6E80355D2BA0FCD100449875 /* LoginRepository.swift */,
			);
			path = Repositories;
			sourceTree = "<group>";
		};
		6E8035542BA0F90100449875 /* Endpoints */ = {
			isa = PBXGroup;
			children = (
				6E8035522BA0F8FE00449875 /* Endpoints.swift */,
				6E8035552BA0F92D00449875 /* HTTPResponse.swift */,
				6E8035572BA0F97F00449875 /* HTTPMethods.swift */,
			);
			path = Endpoints;
			sourceTree = "<group>";
		};
/* End PBXGroup section */

/* Begin PBXNativeTarget section */
		6E8035002BA0DE2D00449875 /* Practica_AsyncProg_AGGA */ = {
			isa = PBXNativeTarget;
			buildConfigurationList = 6E80352B2BA0DE2E00449875 /* Build configuration list for PBXNativeTarget "Practica_AsyncProg_AGGA" */;
			buildPhases = (
				6E8034FD2BA0DE2D00449875 /* Sources */,
				6E8034FE2BA0DE2D00449875 /* Frameworks */,
				6E8034FF2BA0DE2D00449875 /* Resources */,
			);
			buildRules = (
			);
			dependencies = (
			);
			name = Practica_AsyncProg_AGGA;
			packageProductDependencies = (
				6E8035602BA0FE6600449875 /* KeychainSwift */,
			);
			productName = Practica_AsyncProg_AGGA;
			productReference = 6E8035012BA0DE2D00449875 /* Practica_AsyncProg_AGGA.app */;
			productType = "com.apple.product-type.application";
		};
		6E8035162BA0DE2E00449875 /* Practica_AsyncProg_AGGATests */ = {
			isa = PBXNativeTarget;
			buildConfigurationList = 6E80352E2BA0DE2E00449875 /* Build configuration list for PBXNativeTarget "Practica_AsyncProg_AGGATests" */;
			buildPhases = (
				6E8035132BA0DE2E00449875 /* Sources */,
				6E8035142BA0DE2E00449875 /* Frameworks */,
				6E8035152BA0DE2E00449875 /* Resources */,
			);
			buildRules = (
			);
			dependencies = (
				6E8035192BA0DE2E00449875 /* PBXTargetDependency */,
			);
			name = Practica_AsyncProg_AGGATests;
			productName = Practica_AsyncProg_AGGATests;
			productReference = 6E8035172BA0DE2E00449875 /* Practica_AsyncProg_AGGATests.xctest */;
			productType = "com.apple.product-type.bundle.unit-test";
		};
		6E8035202BA0DE2E00449875 /* Practica_AsyncProg_AGGAUITests */ = {
			isa = PBXNativeTarget;
			buildConfigurationList = 6E8035312BA0DE2E00449875 /* Build configuration list for PBXNativeTarget "Practica_AsyncProg_AGGAUITests" */;
			buildPhases = (
				6E80351D2BA0DE2E00449875 /* Sources */,
				6E80351E2BA0DE2E00449875 /* Frameworks */,
				6E80351F2BA0DE2E00449875 /* Resources */,
			);
			buildRules = (
			);
			dependencies = (
				6E8035232BA0DE2E00449875 /* PBXTargetDependency */,
			);
			name = Practica_AsyncProg_AGGAUITests;
			productName = Practica_AsyncProg_AGGAUITests;
			productReference = 6E8035212BA0DE2E00449875 /* Practica_AsyncProg_AGGAUITests.xctest */;
			productType = "com.apple.product-type.bundle.ui-testing";
		};
/* End PBXNativeTarget section */

/* Begin PBXProject section */
		6E8034F92BA0DE2D00449875 /* Project object */ = {
			isa = PBXProject;
			attributes = {
				BuildIndependentTargetsInParallel = 1;
				LastSwiftUpdateCheck = 1520;
				LastUpgradeCheck = 1520;
				TargetAttributes = {
					6E8035002BA0DE2D00449875 = {
						CreatedOnToolsVersion = 15.2;
					};
					6E8035162BA0DE2E00449875 = {
						CreatedOnToolsVersion = 15.2;
						TestTargetID = 6E8035002BA0DE2D00449875;
					};
					6E8035202BA0DE2E00449875 = {
						CreatedOnToolsVersion = 15.2;
						TestTargetID = 6E8035002BA0DE2D00449875;
					};
				};
			};
			buildConfigurationList = 6E8034FC2BA0DE2D00449875 /* Build configuration list for PBXProject "Practica_AsyncProg_AGGA" */;
			compatibilityVersion = "Xcode 14.0";
			developmentRegion = en;
			hasScannedForEncodings = 0;
			knownRegions = (
				en,
				Base,
			);
			mainGroup = 6E8034F82BA0DE2D00449875;
			packageReferences = (
				6E80355F2BA0FE6600449875 /* XCRemoteSwiftPackageReference "keychain-swift" */,
				6EEBD33E2BA9F8960047D79A /* XCRemoteSwiftPackageReference "CombineCocoa" */,
			);
			productRefGroup = 6E8035022BA0DE2D00449875 /* Products */;
			projectDirPath = "";
			projectRoot = "";
			targets = (
				6E8035002BA0DE2D00449875 /* Practica_AsyncProg_AGGA */,
				6E8035162BA0DE2E00449875 /* Practica_AsyncProg_AGGATests */,
				6E8035202BA0DE2E00449875 /* Practica_AsyncProg_AGGAUITests */,
			);
		};
/* End PBXProject section */

/* Begin PBXResourcesBuildPhase section */
		6E8034FF2BA0DE2D00449875 /* Resources */ = {
			isa = PBXResourcesBuildPhase;
			buildActionMask = 2147483647;
			files = (
				6E8035112BA0DE2E00449875 /* LaunchScreen.storyboard in Resources */,
				6E80350E2BA0DE2E00449875 /* Assets.xcassets in Resources */,
				6EEBD33D2BA851520047D79A /* LoginViewController.xib in Resources */,
			);
			runOnlyForDeploymentPostprocessing = 0;
		};
		6E8035152BA0DE2E00449875 /* Resources */ = {
			isa = PBXResourcesBuildPhase;
			buildActionMask = 2147483647;
			files = (
			);
			runOnlyForDeploymentPostprocessing = 0;
		};
		6E80351F2BA0DE2E00449875 /* Resources */ = {
			isa = PBXResourcesBuildPhase;
			buildActionMask = 2147483647;
			files = (
			);
			runOnlyForDeploymentPostprocessing = 0;
		};
/* End PBXResourcesBuildPhase section */

/* Begin PBXSourcesBuildPhase section */
		6E8034FD2BA0DE2D00449875 /* Sources */ = {
			isa = PBXSourcesBuildPhase;
			buildActionMask = 2147483647;
			files = (
				6E8035052BA0DE2D00449875 /* AppDelegate.swift in Sources */,
				6E8035562BA0F92D00449875 /* HTTPResponse.swift in Sources */,
				6E80355E2BA0FCD100449875 /* LoginRepository.swift in Sources */,
				6E8035072BA0DE2D00449875 /* SceneDelegate.swift in Sources */,
				6EEBD3372BA8469D0047D79A /* NetworkHeroes.swift in Sources */,
				6E8035512BA0F80200449875 /* LoginRepositoryProtocol.swift in Sources */,
				6E80354D2BA0F66E00449875 /* AppState.swift in Sources */,
				6E80354F2BA0F71900449875 /* LoginUseCase.swift in Sources */,
				6E80354B2BA0E78000449875 /* LoginView.swift in Sources */,
				6E80355C2BA0FA9800449875 /* NetworkLogin.swift in Sources */,
				6EEBD3392BA8472C0047D79A /* Models.swift in Sources */,
				6E8035532BA0F8FE00449875 /* Endpoints.swift in Sources */,
				6EEBD33C2BA851520047D79A /* LoginViewController.swift in Sources */,
				6E8035442BA0E3A100449875 /* LocalDataKC.swift in Sources */,
				6E8035582BA0F97F00449875 /* HTTPMethods.swift in Sources */,
				6E80355A2BA0F9DB00449875 /* ConstantApp.swift in Sources */,
			);
			runOnlyForDeploymentPostprocessing = 0;
		};
		6E8035132BA0DE2E00449875 /* Sources */ = {
			isa = PBXSourcesBuildPhase;
			buildActionMask = 2147483647;
			files = (
				6E80351C2BA0DE2E00449875 /* Practica_AsyncProg_AGGATests.swift in Sources */,
			);
			runOnlyForDeploymentPostprocessing = 0;
		};
		6E80351D2BA0DE2E00449875 /* Sources */ = {
			isa = PBXSourcesBuildPhase;
			buildActionMask = 2147483647;
			files = (
				6E8035282BA0DE2E00449875 /* Practica_AsyncProg_AGGAUITestsLaunchTests.swift in Sources */,
				6E8035262BA0DE2E00449875 /* Practica_AsyncProg_AGGAUITests.swift in Sources */,
			);
			runOnlyForDeploymentPostprocessing = 0;
		};
/* End PBXSourcesBuildPhase section */

/* Begin PBXTargetDependency section */
		6E8035192BA0DE2E00449875 /* PBXTargetDependency */ = {
			isa = PBXTargetDependency;
			target = 6E8035002BA0DE2D00449875 /* Practica_AsyncProg_AGGA */;
			targetProxy = 6E8035182BA0DE2E00449875 /* PBXContainerItemProxy */;
		};
		6E8035232BA0DE2E00449875 /* PBXTargetDependency */ = {
			isa = PBXTargetDependency;
			target = 6E8035002BA0DE2D00449875 /* Practica_AsyncProg_AGGA */;
			targetProxy = 6E8035222BA0DE2E00449875 /* PBXContainerItemProxy */;
		};
/* End PBXTargetDependency section */

/* Begin PBXVariantGroup section */
		6E80350F2BA0DE2E00449875 /* LaunchScreen.storyboard */ = {
			isa = PBXVariantGroup;
			children = (
				6E8035102BA0DE2E00449875 /* Base */,
			);
			name = LaunchScreen.storyboard;
			sourceTree = "<group>";
		};
/* End PBXVariantGroup section */

/* Begin XCBuildConfiguration section */
		6E8035292BA0DE2E00449875 /* Debug */ = {
			isa = XCBuildConfiguration;
			buildSettings = {
				ALWAYS_SEARCH_USER_PATHS = NO;
				ASSETCATALOG_COMPILER_GENERATE_SWIFT_ASSET_SYMBOL_EXTENSIONS = YES;
				CLANG_ANALYZER_NONNULL = YES;
				CLANG_ANALYZER_NUMBER_OBJECT_CONVERSION = YES_AGGRESSIVE;
				CLANG_CXX_LANGUAGE_STANDARD = "gnu++20";
				CLANG_ENABLE_MODULES = YES;
				CLANG_ENABLE_OBJC_ARC = YES;
				CLANG_ENABLE_OBJC_WEAK = YES;
				CLANG_WARN_BLOCK_CAPTURE_AUTORELEASING = YES;
				CLANG_WARN_BOOL_CONVERSION = YES;
				CLANG_WARN_COMMA = YES;
				CLANG_WARN_CONSTANT_CONVERSION = YES;
				CLANG_WARN_DEPRECATED_OBJC_IMPLEMENTATIONS = YES;
				CLANG_WARN_DIRECT_OBJC_ISA_USAGE = YES_ERROR;
				CLANG_WARN_DOCUMENTATION_COMMENTS = YES;
				CLANG_WARN_EMPTY_BODY = YES;
				CLANG_WARN_ENUM_CONVERSION = YES;
				CLANG_WARN_INFINITE_RECURSION = YES;
				CLANG_WARN_INT_CONVERSION = YES;
				CLANG_WARN_NON_LITERAL_NULL_CONVERSION = YES;
				CLANG_WARN_OBJC_IMPLICIT_RETAIN_SELF = YES;
				CLANG_WARN_OBJC_LITERAL_CONVERSION = YES;
				CLANG_WARN_OBJC_ROOT_CLASS = YES_ERROR;
				CLANG_WARN_QUOTED_INCLUDE_IN_FRAMEWORK_HEADER = YES;
				CLANG_WARN_RANGE_LOOP_ANALYSIS = YES;
				CLANG_WARN_STRICT_PROTOTYPES = YES;
				CLANG_WARN_SUSPICIOUS_MOVE = YES;
				CLANG_WARN_UNGUARDED_AVAILABILITY = YES_AGGRESSIVE;
				CLANG_WARN_UNREACHABLE_CODE = YES;
				CLANG_WARN__DUPLICATE_METHOD_MATCH = YES;
				COPY_PHASE_STRIP = NO;
				DEBUG_INFORMATION_FORMAT = dwarf;
				ENABLE_STRICT_OBJC_MSGSEND = YES;
				ENABLE_TESTABILITY = YES;
				ENABLE_USER_SCRIPT_SANDBOXING = YES;
				GCC_C_LANGUAGE_STANDARD = gnu17;
				GCC_DYNAMIC_NO_PIC = NO;
				GCC_NO_COMMON_BLOCKS = YES;
				GCC_OPTIMIZATION_LEVEL = 0;
				GCC_PREPROCESSOR_DEFINITIONS = (
					"DEBUG=1",
					"$(inherited)",
				);
				GCC_WARN_64_TO_32_BIT_CONVERSION = YES;
				GCC_WARN_ABOUT_RETURN_TYPE = YES_ERROR;
				GCC_WARN_UNDECLARED_SELECTOR = YES;
				GCC_WARN_UNINITIALIZED_AUTOS = YES_AGGRESSIVE;
				GCC_WARN_UNUSED_FUNCTION = YES;
				GCC_WARN_UNUSED_VARIABLE = YES;
				IPHONEOS_DEPLOYMENT_TARGET = 17.2;
				LOCALIZATION_PREFERS_STRING_CATALOGS = YES;
				MTL_ENABLE_DEBUG_INFO = INCLUDE_SOURCE;
				MTL_FAST_MATH = YES;
				ONLY_ACTIVE_ARCH = YES;
				SDKROOT = iphoneos;
				SWIFT_ACTIVE_COMPILATION_CONDITIONS = "DEBUG $(inherited)";
				SWIFT_OPTIMIZATION_LEVEL = "-Onone";
			};
			name = Debug;
		};
		6E80352A2BA0DE2E00449875 /* Release */ = {
			isa = XCBuildConfiguration;
			buildSettings = {
				ALWAYS_SEARCH_USER_PATHS = NO;
				ASSETCATALOG_COMPILER_GENERATE_SWIFT_ASSET_SYMBOL_EXTENSIONS = YES;
				CLANG_ANALYZER_NONNULL = YES;
				CLANG_ANALYZER_NUMBER_OBJECT_CONVERSION = YES_AGGRESSIVE;
				CLANG_CXX_LANGUAGE_STANDARD = "gnu++20";
				CLANG_ENABLE_MODULES = YES;
				CLANG_ENABLE_OBJC_ARC = YES;
				CLANG_ENABLE_OBJC_WEAK = YES;
				CLANG_WARN_BLOCK_CAPTURE_AUTORELEASING = YES;
				CLANG_WARN_BOOL_CONVERSION = YES;
				CLANG_WARN_COMMA = YES;
				CLANG_WARN_CONSTANT_CONVERSION = YES;
				CLANG_WARN_DEPRECATED_OBJC_IMPLEMENTATIONS = YES;
				CLANG_WARN_DIRECT_OBJC_ISA_USAGE = YES_ERROR;
				CLANG_WARN_DOCUMENTATION_COMMENTS = YES;
				CLANG_WARN_EMPTY_BODY = YES;
				CLANG_WARN_ENUM_CONVERSION = YES;
				CLANG_WARN_INFINITE_RECURSION = YES;
				CLANG_WARN_INT_CONVERSION = YES;
				CLANG_WARN_NON_LITERAL_NULL_CONVERSION = YES;
				CLANG_WARN_OBJC_IMPLICIT_RETAIN_SELF = YES;
				CLANG_WARN_OBJC_LITERAL_CONVERSION = YES;
				CLANG_WARN_OBJC_ROOT_CLASS = YES_ERROR;
				CLANG_WARN_QUOTED_INCLUDE_IN_FRAMEWORK_HEADER = YES;
				CLANG_WARN_RANGE_LOOP_ANALYSIS = YES;
				CLANG_WARN_STRICT_PROTOTYPES = YES;
				CLANG_WARN_SUSPICIOUS_MOVE = YES;
				CLANG_WARN_UNGUARDED_AVAILABILITY = YES_AGGRESSIVE;
				CLANG_WARN_UNREACHABLE_CODE = YES;
				CLANG_WARN__DUPLICATE_METHOD_MATCH = YES;
				COPY_PHASE_STRIP = NO;
				DEBUG_INFORMATION_FORMAT = "dwarf-with-dsym";
				ENABLE_NS_ASSERTIONS = NO;
				ENABLE_STRICT_OBJC_MSGSEND = YES;
				ENABLE_USER_SCRIPT_SANDBOXING = YES;
				GCC_C_LANGUAGE_STANDARD = gnu17;
				GCC_NO_COMMON_BLOCKS = YES;
				GCC_WARN_64_TO_32_BIT_CONVERSION = YES;
				GCC_WARN_ABOUT_RETURN_TYPE = YES_ERROR;
				GCC_WARN_UNDECLARED_SELECTOR = YES;
				GCC_WARN_UNINITIALIZED_AUTOS = YES_AGGRESSIVE;
				GCC_WARN_UNUSED_FUNCTION = YES;
				GCC_WARN_UNUSED_VARIABLE = YES;
				IPHONEOS_DEPLOYMENT_TARGET = 17.2;
				LOCALIZATION_PREFERS_STRING_CATALOGS = YES;
				MTL_ENABLE_DEBUG_INFO = NO;
				MTL_FAST_MATH = YES;
				SDKROOT = iphoneos;
				SWIFT_COMPILATION_MODE = wholemodule;
				VALIDATE_PRODUCT = YES;
			};
			name = Release;
		};
		6E80352C2BA0DE2E00449875 /* Debug */ = {
			isa = XCBuildConfiguration;
			buildSettings = {
				ASSETCATALOG_COMPILER_APPICON_NAME = AppIcon;
				ASSETCATALOG_COMPILER_GLOBAL_ACCENT_COLOR_NAME = AccentColor;
				CODE_SIGN_STYLE = Automatic;
				CURRENT_PROJECT_VERSION = 1;
				DEVELOPMENT_TEAM = M26LNJLX8T;
				GENERATE_INFOPLIST_FILE = YES;
				INFOPLIST_FILE = Practica_AsyncProg_AGGA/Info.plist;
				INFOPLIST_KEY_UIApplicationSupportsIndirectInputEvents = YES;
				INFOPLIST_KEY_UILaunchStoryboardName = LaunchScreen.storyboard;
				INFOPLIST_KEY_UISupportedInterfaceOrientations = UIInterfaceOrientationPortrait;
				LD_RUNPATH_SEARCH_PATHS = (
					"$(inherited)",
					"@executable_path/Frameworks",
				);
				MARKETING_VERSION = 1.0;
				PRODUCT_BUNDLE_IDENTIFIER = "com.agavgar.Practica-AsyncProg-AGGA";
				PRODUCT_NAME = "$(TARGET_NAME)";
				SWIFT_EMIT_LOC_STRINGS = YES;
				SWIFT_VERSION = 5.0;
				TARGETED_DEVICE_FAMILY = "1,2";
			};
			name = Debug;
		};
		6E80352D2BA0DE2E00449875 /* Release */ = {
			isa = XCBuildConfiguration;
			buildSettings = {
				ASSETCATALOG_COMPILER_APPICON_NAME = AppIcon;
				ASSETCATALOG_COMPILER_GLOBAL_ACCENT_COLOR_NAME = AccentColor;
				CODE_SIGN_STYLE = Automatic;
				CURRENT_PROJECT_VERSION = 1;
				DEVELOPMENT_TEAM = M26LNJLX8T;
				GENERATE_INFOPLIST_FILE = YES;
				INFOPLIST_FILE = Practica_AsyncProg_AGGA/Info.plist;
				INFOPLIST_KEY_UIApplicationSupportsIndirectInputEvents = YES;
				INFOPLIST_KEY_UILaunchStoryboardName = LaunchScreen.storyboard;
				INFOPLIST_KEY_UISupportedInterfaceOrientations = UIInterfaceOrientationPortrait;
				LD_RUNPATH_SEARCH_PATHS = (
					"$(inherited)",
					"@executable_path/Frameworks",
				);
				MARKETING_VERSION = 1.0;
				PRODUCT_BUNDLE_IDENTIFIER = "com.agavgar.Practica-AsyncProg-AGGA";
				PRODUCT_NAME = "$(TARGET_NAME)";
				SWIFT_EMIT_LOC_STRINGS = YES;
				SWIFT_VERSION = 5.0;
				TARGETED_DEVICE_FAMILY = "1,2";
			};
			name = Release;
		};
		6E80352F2BA0DE2E00449875 /* Debug */ = {
			isa = XCBuildConfiguration;
			buildSettings = {
				ALWAYS_EMBED_SWIFT_STANDARD_LIBRARIES = YES;
				BUNDLE_LOADER = "$(TEST_HOST)";
				CODE_SIGN_STYLE = Automatic;
				CURRENT_PROJECT_VERSION = 1;
				DEVELOPMENT_TEAM = M26LNJLX8T;
				GENERATE_INFOPLIST_FILE = YES;
				IPHONEOS_DEPLOYMENT_TARGET = 17.2;
				MARKETING_VERSION = 1.0;
				PRODUCT_BUNDLE_IDENTIFIER = "com.agavgar.Practica-AsyncProg-AGGATests";
				PRODUCT_NAME = "$(TARGET_NAME)";
				SWIFT_EMIT_LOC_STRINGS = NO;
				SWIFT_VERSION = 5.0;
				TARGETED_DEVICE_FAMILY = "1,2";
				TEST_HOST = "$(BUILT_PRODUCTS_DIR)/Practica_AsyncProg_AGGA.app/$(BUNDLE_EXECUTABLE_FOLDER_PATH)/Practica_AsyncProg_AGGA";
			};
			name = Debug;
		};
		6E8035302BA0DE2E00449875 /* Release */ = {
			isa = XCBuildConfiguration;
			buildSettings = {
				ALWAYS_EMBED_SWIFT_STANDARD_LIBRARIES = YES;
				BUNDLE_LOADER = "$(TEST_HOST)";
				CODE_SIGN_STYLE = Automatic;
				CURRENT_PROJECT_VERSION = 1;
				DEVELOPMENT_TEAM = M26LNJLX8T;
				GENERATE_INFOPLIST_FILE = YES;
				IPHONEOS_DEPLOYMENT_TARGET = 17.2;
				MARKETING_VERSION = 1.0;
				PRODUCT_BUNDLE_IDENTIFIER = "com.agavgar.Practica-AsyncProg-AGGATests";
				PRODUCT_NAME = "$(TARGET_NAME)";
				SWIFT_EMIT_LOC_STRINGS = NO;
				SWIFT_VERSION = 5.0;
				TARGETED_DEVICE_FAMILY = "1,2";
				TEST_HOST = "$(BUILT_PRODUCTS_DIR)/Practica_AsyncProg_AGGA.app/$(BUNDLE_EXECUTABLE_FOLDER_PATH)/Practica_AsyncProg_AGGA";
			};
			name = Release;
		};
		6E8035322BA0DE2E00449875 /* Debug */ = {
			isa = XCBuildConfiguration;
			buildSettings = {
				ALWAYS_EMBED_SWIFT_STANDARD_LIBRARIES = YES;
				CODE_SIGN_STYLE = Automatic;
				CURRENT_PROJECT_VERSION = 1;
				DEVELOPMENT_TEAM = M26LNJLX8T;
				GENERATE_INFOPLIST_FILE = YES;
				MARKETING_VERSION = 1.0;
				PRODUCT_BUNDLE_IDENTIFIER = "com.agavgar.Practica-AsyncProg-AGGAUITests";
				PRODUCT_NAME = "$(TARGET_NAME)";
				SWIFT_EMIT_LOC_STRINGS = NO;
				SWIFT_VERSION = 5.0;
				TARGETED_DEVICE_FAMILY = "1,2";
				TEST_TARGET_NAME = Practica_AsyncProg_AGGA;
			};
			name = Debug;
		};
		6E8035332BA0DE2E00449875 /* Release */ = {
			isa = XCBuildConfiguration;
			buildSettings = {
				ALWAYS_EMBED_SWIFT_STANDARD_LIBRARIES = YES;
				CODE_SIGN_STYLE = Automatic;
				CURRENT_PROJECT_VERSION = 1;
				DEVELOPMENT_TEAM = M26LNJLX8T;
				GENERATE_INFOPLIST_FILE = YES;
				MARKETING_VERSION = 1.0;
				PRODUCT_BUNDLE_IDENTIFIER = "com.agavgar.Practica-AsyncProg-AGGAUITests";
				PRODUCT_NAME = "$(TARGET_NAME)";
				SWIFT_EMIT_LOC_STRINGS = NO;
				SWIFT_VERSION = 5.0;
				TARGETED_DEVICE_FAMILY = "1,2";
				TEST_TARGET_NAME = Practica_AsyncProg_AGGA;
			};
			name = Release;
		};
/* End XCBuildConfiguration section */

/* Begin XCConfigurationList section */
		6E8034FC2BA0DE2D00449875 /* Build configuration list for PBXProject "Practica_AsyncProg_AGGA" */ = {
			isa = XCConfigurationList;
			buildConfigurations = (
				6E8035292BA0DE2E00449875 /* Debug */,
				6E80352A2BA0DE2E00449875 /* Release */,
			);
			defaultConfigurationIsVisible = 0;
			defaultConfigurationName = Release;
		};
		6E80352B2BA0DE2E00449875 /* Build configuration list for PBXNativeTarget "Practica_AsyncProg_AGGA" */ = {
			isa = XCConfigurationList;
			buildConfigurations = (
				6E80352C2BA0DE2E00449875 /* Debug */,
				6E80352D2BA0DE2E00449875 /* Release */,
			);
			defaultConfigurationIsVisible = 0;
			defaultConfigurationName = Release;
		};
		6E80352E2BA0DE2E00449875 /* Build configuration list for PBXNativeTarget "Practica_AsyncProg_AGGATests" */ = {
			isa = XCConfigurationList;
			buildConfigurations = (
				6E80352F2BA0DE2E00449875 /* Debug */,
				6E8035302BA0DE2E00449875 /* Release */,
			);
			defaultConfigurationIsVisible = 0;
			defaultConfigurationName = Release;
		};
		6E8035312BA0DE2E00449875 /* Build configuration list for PBXNativeTarget "Practica_AsyncProg_AGGAUITests" */ = {
			isa = XCConfigurationList;
			buildConfigurations = (
				6E8035322BA0DE2E00449875 /* Debug */,
				6E8035332BA0DE2E00449875 /* Release */,
			);
			defaultConfigurationIsVisible = 0;
			defaultConfigurationName = Release;
		};
/* End XCConfigurationList section */

/* Begin XCRemoteSwiftPackageReference section */
		6E80355F2BA0FE6600449875 /* XCRemoteSwiftPackageReference "keychain-swift" */ = {
			isa = XCRemoteSwiftPackageReference;
			repositoryURL = "https://github.com/evgenyneu/keychain-swift";
			requirement = {
				kind = exactVersion;
				version = 21.0.0;
			};
		};
		6EEBD33E2BA9F8960047D79A /* XCRemoteSwiftPackageReference "CombineCocoa" */ = {
			isa = XCRemoteSwiftPackageReference;
			repositoryURL = "https://github.com/CombineCommunity/CombineCocoa.git";
			requirement = {
				kind = exactVersion;
				version = 1.0.0;
			};
		};
/* End XCRemoteSwiftPackageReference section */

/* Begin XCSwiftPackageProductDependency section */
		6E8035602BA0FE6600449875 /* KeychainSwift */ = {
			isa = XCSwiftPackageProductDependency;
			package = 6E80355F2BA0FE6600449875 /* XCRemoteSwiftPackageReference "keychain-swift" */;
			productName = KeychainSwift;
		};
/* End XCSwiftPackageProductDependency section */
	};
	rootObject = 6E8034F92BA0DE2D00449875 /* Project object */;
}
